<?xml version="1.0" encoding="utf-8"?>
<Project ToolsVersion="4.0" xmlns="http://schemas.microsoft.com/developer/msbuild/2003">
  <ItemGroup>
    <Filter Include="third_party">
      <UniqueIdentifier>{ea698376-4134-447b-b9cd-10c3a07c32f4}</UniqueIdentifier>
    </Filter>
    <Filter Include="include">
      <UniqueIdentifier>{32ce55d8-d2fb-4323-a0e1-92289bd394b2}</UniqueIdentifier>
    </Filter>
    <Filter Include="sources">
      <UniqueIdentifier>{4FC737F1-C7A5-4376-A066-2A32D752A2FF}</UniqueIdentifier>
      <Extensions>cpp;c;cc;cxx;def;odl;idl;hpj;bat;asm;asmx</Extensions>
    </Filter>
  </ItemGroup>
  <ItemGroup>
    <ClInclude Include="third_party\stb_image.h">
      <Filter>third_party</Filter>
    </ClInclude>
    <ClInclude Include="third_party\json.hpp">
      <Filter>third_party</Filter>
    </ClInclude>
    <ClInclude Include="include\builder.h">
      <Filter>include</Filter>
    </ClInclude>
    <ClInclude Include="include\asset_builder.h">
      <Filter>include</Filter>
    </ClInclude>
    <ClInclude Include="include\font_builder.h">
      <Filter>include</Filter>
    </ClInclude>
    <ClInclude Include="include\image_writer.h">
      <Filter>include</Filter>
    </ClInclude>
    <ClInclude Include="third_party\crc_32.h">
      <Filter>third_party</Filter>
    </ClInclude>
    <ClInclude Include="include\base.h">
      <Filter>include</Filter>
    </ClInclude>
  </ItemGroup>
  <ItemGroup>
    <ClCompile Include="sources\asset_builder.cpp">
      <Filter>sources</Filter>
    </ClCompile>
    <ClCompile Include="sources\font_builder.cpp">
      <Filter>sources</Filter>
    </ClCompile>
    <ClCompile Include="sources\image_writer.cpp">
      <Filter>sources</Filter>
    </ClCompile>
    <ClCompile Include="sources\main.cpp">
      <Filter>sources</Filter>
    </ClCompile>
  </ItemGroup>
</Project>